<?xml version="1.0" encoding="utf-8"?>
<Project ToolsVersion="4.0" xmlns="http://schemas.microsoft.com/developer/msbuild/2003">
  <ItemGroup>
    <Filter Include="Source Files">
      <UniqueIdentifier>{4FC737F1-C7A5-4376-A066-2A32D752A2FF}</UniqueIdentifier>
      <Extensions>cpp;c;cc;cxx;def;odl;idl;hpj;bat;asm;asmx</Extensions>
    </Filter>
    <Filter Include="Resource Files">
      <UniqueIdentifier>{67DA6AB6-F800-4c08-8B7A-83BB121AAD01}</UniqueIdentifier>
      <Extensions>rc;ico;cur;bmp;dlg;rc2;rct;bin;rgs;gif;jpg;jpeg;jpe;resx;tiff;tif;png;wav;mfcribbon-ms</Extensions>
    </Filter>
    <Filter Include="Include Files">
      <UniqueIdentifier>{93995380-89BD-4b04-88EB-625FBE52EBFB}</UniqueIdentifier>
      <Extensions>h;hpp;hxx;hm;inl;inc;xsd</Extensions>
    </Filter>
    <Filter Include="Include Files\State">
      <UniqueIdentifier>{cfe84787-90f9-40a7-bc38-b68e46ab4718}</UniqueIdentifier>
    </Filter>
    <Filter Include="Include Files\State\Arena">
      <UniqueIdentifier>{18a5d19b-7538-44b1-9e80-ff3c48b84e96}</UniqueIdentifier>
    </Filter>
    <Filter Include="Include Files\Bullet">
      <UniqueIdentifier>{62a114a4-224f-48ae-9120-d7ca84e6467c}</UniqueIdentifier>
    </Filter>
    <Filter Include="Include Files\Ogre">
      <UniqueIdentifier>{fa8124fb-d141-40ff-b697-daef2df594d3}</UniqueIdentifier>
    </Filter>
    <Filter Include="Include Files\OIS">
      <UniqueIdentifier>{e59bc664-ba3a-4852-8724-e1f813ef22da}</UniqueIdentifier>
    </Filter>
    <Filter Include="Include Files\Game">
      <UniqueIdentifier>{3ee38239-b89f-45c8-9bc3-b832e9336bc6}</UniqueIdentifier>
    </Filter>
    <Filter Include="Include Files\XML">
      <UniqueIdentifier>{c070b4b4-f980-4813-bf3e-5a12d1329ab0}</UniqueIdentifier>
    </Filter>
    <Filter Include="Include Files\XML\interfaces">
      <UniqueIdentifier>{7e34b8de-cbbe-439a-9143-3fe9f1d9b97a}</UniqueIdentifier>
    </Filter>
    <Filter Include="Include Files\PCH">
      <UniqueIdentifier>{88e08e02-a526-43cc-babf-4e45daf89922}</UniqueIdentifier>
    </Filter>
    <Filter Include="Include Files\Bullet\DebugDrawer">
      <UniqueIdentifier>{ef893743-226f-49f0-8f36-2fecc532cf20}</UniqueIdentifier>
    </Filter>
    <Filter Include="Include Files\Player">
      <UniqueIdentifier>{533af87e-0ac3-412f-b7cd-4c8b879ff3c1}</UniqueIdentifier>
    </Filter>
    <Filter Include="Include Files\Debug">
      <UniqueIdentifier>{a52906f9-561e-4ddd-8334-3d02ae6b57eb}</UniqueIdentifier>
    </Filter>
    <Filter Include="Include Files\Debug\Screen">
      <UniqueIdentifier>{f100b78c-b322-4b3e-b617-d61bb993651b}</UniqueIdentifier>
    </Filter>
    <Filter Include="Include Files\State\Intro">
      <UniqueIdentifier>{ef0025bd-1c71-4b3d-9d74-6441fc37ebe4}</UniqueIdentifier>
    </Filter>
    <Filter Include="Include Files\Game\CharacterController">
      <UniqueIdentifier>{06b28415-8338-4eb7-92c4-d11357170f1c}</UniqueIdentifier>
    </Filter>
    <Filter Include="Include Files\Utility">
      <UniqueIdentifier>{a44fa1ab-4171-4d53-8eb5-900640376e76}</UniqueIdentifier>
    </Filter>
    <Filter Include="Include Files\Game\Menu">
      <UniqueIdentifier>{8906feaf-5e64-47fe-82ea-803228902a0c}</UniqueIdentifier>
    </Filter>
    <Filter Include="Include Files\GUI">
      <UniqueIdentifier>{9da7cc64-0c0f-4a72-b744-baead875d167}</UniqueIdentifier>
    </Filter>
  </ItemGroup>
  <ItemGroup>
    <ClInclude Include="Code\State.h">
      <Filter>Include Files\State</Filter>
    </ClInclude>
    <ClInclude Include="Code\StateManager.h">
      <Filter>Include Files\State</Filter>
    </ClInclude>
    <ClInclude Include="Code\Arena_Locker.h">
      <Filter>Include Files\State\Arena</Filter>
    </ClInclude>
    <ClInclude Include="Code\Arena_Tutorial.h">
      <Filter>Include Files\State\Arena</Filter>
    </ClInclude>
    <ClInclude Include="Code\ArenaALL.h">
      <Filter>Include Files\State\Arena</Filter>
    </ClInclude>
    <ClInclude Include="Code\BulletManager.h">
      <Filter>Include Files\Bullet</Filter>
    </ClInclude>
    <ClInclude Include="Code\OgreManager.h">
      <Filter>Include Files\Ogre</Filter>
    </ClInclude>
    <ClInclude Include="Code\OISManager.h">
      <Filter>Include Files\OIS</Filter>
    </ClInclude>
    <ClInclude Include="Code\GameManager.h">
      <Filter>Include Files\Game</Filter>
    </ClInclude>
    <ClInclude Include="Code\XMLReader.h">
      <Filter>Include Files\XML</Filter>
    </ClInclude>
    <ClInclude Include="Code\precompiled\StdAfx.h">
      <Filter>Include Files\PCH</Filter>
    </ClInclude>
    <ClInclude Include="Code\interfaces\configuration.hxx">
      <Filter>Include Files\XML\interfaces</Filter>
    </ClInclude>
    <ClInclude Include="Code\interfaces\list.hxx">
      <Filter>Include Files\XML\interfaces</Filter>
    </ClInclude>
    <ClInclude Include="Code\interfaces\object.hxx">
      <Filter>Include Files\XML\interfaces</Filter>
    </ClInclude>
    <ClInclude Include="Code\interfaces\resource.hxx">
      <Filter>Include Files\XML\interfaces</Filter>
    </ClInclude>
    <ClInclude Include="Code\interfaces\interfaces.h">
      <Filter>Include Files\XML\interfaces</Filter>
    </ClInclude>
    <ClInclude Include="Code\debug_draw\DebugDraw.hpp">
      <Filter>Include Files\Bullet\DebugDrawer</Filter>
    </ClInclude>
    <ClInclude Include="Code\debug_draw\DynamicLineDrawer.hpp">
      <Filter>Include Files\Bullet\DebugDrawer</Filter>
    </ClInclude>
    <ClInclude Include="Code\interfaces\weapon.hxx">
      <Filter>Include Files\XML\interfaces</Filter>
    </ClInclude>
    <ClInclude Include="Code\Player.h">
      <Filter>Include Files\Player</Filter>
    </ClInclude>
    <ClInclude Include="Code\debug\print.h">
      <Filter>Include Files\Debug\Screen</Filter>
    </ClInclude>
    <ClInclude Include="Code\Intro.h">
      <Filter>Include Files\State\Intro</Filter>
    </ClInclude>
    <ClInclude Include="Code\EWS.h">
      <Filter>Include Files\Game</Filter>
    </ClInclude>
    <ClInclude Include="Code\CharacterController.h">
      <Filter>Include Files\Game\CharacterController</Filter>
    </ClInclude>
    <ClInclude Include="Code\Utility.h">
      <Filter>Include Files\Utility</Filter>
    </ClInclude>
    <ClInclude Include="Code\debug\console.h">
      <Filter>Include Files\Debug\Screen</Filter>
    </ClInclude>
    <ClInclude Include="Code\menu\Menu.h">
      <Filter>Include Files\Game\Menu</Filter>
    </ClInclude>
    <ClInclude Include="Code\GUIManager.h">
      <Filter>Include Files\GUI</Filter>
    </ClInclude>
  </ItemGroup>
  <ItemGroup>
    <ClCompile Include="Code\StateManager.cpp">
      <Filter>Include Files\State</Filter>
    </ClCompile>
    <ClCompile Include="Code\Main.cpp">
      <Filter>Source Files</Filter>
    </ClCompile>
    <ClCompile Include="Code\Arena_Tutorial.cpp">
      <Filter>Include Files\State\Arena</Filter>
    </ClCompile>
    <ClCompile Include="Code\Arena_Locker.cpp">
      <Filter>Include Files\State\Arena</Filter>
    </ClCompile>
    <ClCompile Include="Code\BulletManager.cpp">
      <Filter>Include Files\Bullet</Filter>
    </ClCompile>
    <ClCompile Include="Code\OgreManager.cpp">
      <Filter>Include Files\Ogre</Filter>
    </ClCompile>
    <ClCompile Include="Code\OISManager.cpp">
      <Filter>Include Files\OIS</Filter>
    </ClCompile>
    <ClCompile Include="Code\GameManager.cpp">
      <Filter>Include Files\Game</Filter>
    </ClCompile>
    <ClCompile Include="Code\XMLReader.cpp">
      <Filter>Include Files\XML</Filter>
    </ClCompile>
    <ClCompile Include="Code\precompiled\StdAfx.cpp">
      <Filter>Include Files\PCH</Filter>
    </ClCompile>
    <ClCompile Include="Code\interfaces\configuration.cxx">
      <Filter>Include Files\XML\interfaces</Filter>
    </ClCompile>
    <ClCompile Include="Code\interfaces\list.cxx">
      <Filter>Include Files\XML\interfaces</Filter>
    </ClCompile>
    <ClCompile Include="Code\interfaces\object.cxx">
      <Filter>Include Files\XML\interfaces</Filter>
    </ClCompile>
    <ClCompile Include="Code\interfaces\resource.cxx">
      <Filter>Include Files\XML\interfaces</Filter>
    </ClCompile>
    <ClCompile Include="Code\debug_draw\DebugDraw.cpp">
      <Filter>Include Files\Bullet\DebugDrawer</Filter>
    </ClCompile>
    <ClCompile Include="Code\debug_draw\DynamicLineDrawer.cpp">
      <Filter>Include Files\Bullet\DebugDrawer</Filter>
    </ClCompile>
    <ClCompile Include="Code\interfaces\weapon.cxx">
      <Filter>Include Files\XML\interfaces</Filter>
    </ClCompile>
    <ClCompile Include="Code\Player.cpp">
      <Filter>Include Files\Player</Filter>
    </ClCompile>
    <ClCompile Include="Code\debug\print.cpp">
      <Filter>Include Files\Debug\Screen</Filter>
    </ClCompile>
    <ClCompile Include="Code\Intro.cpp">
      <Filter>Include Files\State\Intro</Filter>
    </ClCompile>
    <ClCompile Include="Code\EWS.cpp">
      <Filter>Include Files\Game</Filter>
    </ClCompile>
    <ClCompile Include="Code\CharacterController.cpp">
      <Filter>Include Files\Game\CharacterController</Filter>
    </ClCompile>
    <ClCompile Include="Code\Utility.cpp">
      <Filter>Include Files\Utility</Filter>
    </ClCompile>
    <ClCompile Include="Code\debug\console.cpp">
      <Filter>Include Files\Debug\Screen</Filter>
    </ClCompile>
    <ClCompile Include="Code\menu\Menu.cpp">
      <Filter>Include Files\Game\Menu</Filter>
    </ClCompile>
    <ClCompile Include="Code\GUIManager.cpp">
      <Filter>Include Files\GUI</Filter>
    </ClCompile>
  </ItemGroup>
</Project>